
Microsoft Visual Studio Solution File, Format Version 11.00
# Visual Studio 2010
Project("{FAE04EC0-301F-11D3-BF4B-00C04F79EFBC}") = "ViStart", "ViStart\ViStart.csproj", "{8B7E5A1A-4E3F-4B2D-9A1C-5C6F7D8E9F0A}"
EndProject
Global
	GlobalSection(SolutionConfigurationPlatforms) = preSolution
		Debug|x64 = Debug|x64
		Debug|x86 = Debug|x86
		Release|x64 = Release|x64
		Release|x86 = Release|x86
	EndGlobalSection
	GlobalSection(ProjectConfigurationPlatforms) = postSolution
		{8B7E5A1A-4E3F-4B2D-9A1C-5C6F7D8E9F0A}.Debug|x64.ActiveCfg = Debug|x64
		{8B7E5A1A-4E3F-4B2D-9A1C-5C6F7D8E9F0A}.Debug|x64.Build.0 = Debug|x64
		{8B7E5A1A-4E3F-4B2D-9A1C-5C6F7D8E9F0A}.Debug|x86.ActiveCfg = Debug|x86
		{8B7E5A1A-4E3F-4B2D-9A1C-5C6F7D8E9F0A}.Debug|x86.Build.0 = Debug|x86
		{8B7E5A1A-4E3F-4B2D-9A1C-5C6F7D8E9F0A}.Release|x64.ActiveCfg = Release|x64
		{8B7E5A1A-4E3F-4B2D-9A1C-5C6F7D8E9F0A}.Release|x64.Build.0 = Release|x64
		{8B7E5A1A-4E3F-4B2D-9A1C-5C6F7D8E9F0A}.Release|x86.ActiveCfg = Release|x86
		{8B7E5A1A-4E3F-4B2D-9A1C-5C6F7D8E9F0A}.Release|x86.Build.0 = Release|x86
	EndGlobalSection
EndGlobal
